
Microsoft Visual Studio Solution File, Format Version 12.00
# Visual Studio Version 16
VisualStudioVersion = 16.0.31321.278
MinimumVisualStudioVersion = 10.0.40219.1
Project("{FAE04EC0-301F-11D3-BF4B-00C04F79EFBC}") = "LibraryManagementSystem", "LibraryManagementSystem.csproj", "{8BB0A077-4569-4EEC-8D9B-386C95F0BA9C}"
EndProject
Project("{FAE04EC0-301F-11D3-BF4B-00C04F79EFBC}") = "DataAccessLayerSignUp", "..\DataAccessLayerSignUp\DataAccessLayerSignUp.csproj", "{9AF68160-BD5E-4E90-A148-655E314D1326}"
EndProject
Global
	GlobalSection(SolutionConfigurationPlatforms) = preSolution
		Debug|Any CPU = Debug|Any CPU
		Release|Any CPU = Release|Any CPU
	EndGlobalSection
	GlobalSection(ProjectConfigurationPlatforms) = postSolution
		{8BB0A077-4569-4EEC-8D9B-386C95F0BA9C}.Debug|Any CPU.ActiveCfg = Debug|Any CPU
		{8BB0A077-4569-4EEC-8D9B-386C95F0BA9C}.Debug|Any CPU.Build.0 = Debug|Any CPU
		{8BB0A077-4569-4EEC-8D9B-386C95F0BA9C}.Release|Any CPU.ActiveCfg = Release|Any CPU
		{8BB0A077-4569-4EEC-8D9B-386C95F0BA9C}.Release|Any CPU.Build.0 = Release|Any CPU
		{9AF68160-BD5E-4E90-A148-655E314D1326}.Debug|Any CPU.ActiveCfg = Debug|Any CPU
		{9AF68160-BD5E-4E90-A148-655E314D1326}.Debug|Any CPU.Build.0 = Debug|Any CPU
		{9AF68160-BD5E-4E90-A148-655E314D1326}.Release|Any CPU.ActiveCfg = Release|Any CPU
		{9AF68160-BD5E-4E90-A148-655E314D1326}.Release|Any CPU.Build.0 = Release|Any CPU
	EndGlobalSection
	GlobalSection(SolutionProperties) = preSolution
		HideSolutionNode = FALSE
	EndGlobalSection
	GlobalSection(ExtensibilityGlobals) = postSolution
		SolutionGuid = {33A81997-879F-49D2-AF1A-2DBCBB5FCC9D}
	EndGlobalSection
EndGlobal
